
Microsoft Visual Studio Solution File, Format Version 10.00
# Visual C++ Express 2008
Project("{8BC9CEB8-8B4A-11D0-8D11-00A0C91BC942}") = "ShotLog", "ShotLog.vcproj", "{82CE797C-8CF6-4B78-9F9D-1EED8F991DBE}"
EndProject
Global
	GlobalSection(SolutionConfigurationPlatforms) = preSolution
		Debug|Win32 = Debug|Win32
		Release|Win32 = Release|Win32
	EndGlobalSection
	GlobalSection(ProjectConfigurationPlatforms) = postSolution
		{82CE797C-8CF6-4B78-9F9D-1EED8F991DBE}.Debug|Win32.ActiveCfg = Debug|Win32
		{82CE797C-8CF6-4B78-9F9D-1EED8F991DBE}.Debug|Win32.Build.0 = Debug|Win32
		{82CE797C-8CF6-4B78-9F9D-1EED8F991DBE}.Release|Win32.ActiveCfg = Release|Win32
		{82CE797C-8CF6-4B78-9F9D-1EED8F991DBE}.Release|Win32.Build.0 = Release|Win32
	EndGlobalSection
	GlobalSection(SolutionProperties) = preSolution
		HideSolutionNode = FALSE
	EndGlobalSection
EndGlobal
